
Microsoft Visual Studio Solution File, Format Version 12.00
# Visual Studio Version 17
VisualStudioVersion = 17.5.002.0
MinimumVisualStudioVersion = 10.0.40219.1
Project("{9A19103F-16F7-4668-BE54-9A1E7A4F7556}") = "WSUSCommander", "WSUSCommander.csproj", "{B5C44D6C-A9BC-41E0-AB99-705C68DE5903}"
EndProject
Global
	GlobalSection(SolutionConfigurationPlatforms) = preSolution
		Debug|Any CPU = Debug|Any CPU
		Release|Any CPU = Release|Any CPU
	EndGlobalSection
	GlobalSection(ProjectConfigurationPlatforms) = postSolution
		{B5C44D6C-A9BC-41E0-AB99-705C68DE5903}.Debug|Any CPU.ActiveCfg = Debug|Any CPU
		{B5C44D6C-A9BC-41E0-AB99-705C68DE5903}.Debug|Any CPU.Build.0 = Debug|Any CPU
		{B5C44D6C-A9BC-41E0-AB99-705C68DE5903}.Release|Any CPU.ActiveCfg = Release|Any CPU
		{B5C44D6C-A9BC-41E0-AB99-705C68DE5903}.Release|Any CPU.Build.0 = Release|Any CPU
	EndGlobalSection
	GlobalSection(SolutionProperties) = preSolution
		HideSolutionNode = FALSE
	EndGlobalSection
	GlobalSection(ExtensibilityGlobals) = postSolution
		SolutionGuid = {7303E820-7933-4949-BC49-1B315398F97A}
	EndGlobalSection
EndGlobal
